
Microsoft Visual Studio Solution File, Format Version 12.00
# Visual Studio Version 17
VisualStudioVersion = 17.7.34221.43
MinimumVisualStudioVersion = 10.0.40219.1
Project("{FAE04EC0-301F-11D3-BF4B-00C04F79EFBC}") = "Oppgave Social Media moodle emne3", "Oppgave Social Media moodle emne3\Oppgave Social Media moodle emne3.csproj", "{CBB5B867-2E22-4E9E-B28E-36EEDAB5AC1E}"
EndProject
Global
	GlobalSection(SolutionConfigurationPlatforms) = preSolution
		Debug|Any CPU = Debug|Any CPU
		Release|Any CPU = Release|Any CPU
	EndGlobalSection
	GlobalSection(ProjectConfigurationPlatforms) = postSolution
		{CBB5B867-2E22-4E9E-B28E-36EEDAB5AC1E}.Debug|Any CPU.ActiveCfg = Debug|Any CPU
		{CBB5B867-2E22-4E9E-B28E-36EEDAB5AC1E}.Debug|Any CPU.Build.0 = Debug|Any CPU
		{CBB5B867-2E22-4E9E-B28E-36EEDAB5AC1E}.Release|Any CPU.ActiveCfg = Release|Any CPU
		{CBB5B867-2E22-4E9E-B28E-36EEDAB5AC1E}.Release|Any CPU.Build.0 = Release|Any CPU
	EndGlobalSection
	GlobalSection(SolutionProperties) = preSolution
		HideSolutionNode = FALSE
	EndGlobalSection
	GlobalSection(ExtensibilityGlobals) = postSolution
		SolutionGuid = {B74A2081-251B-4D7C-B003-F9D7708B89F9}
	EndGlobalSection
EndGlobal
